
Microsoft Visual Studio Solution File, Format Version 12.00
# Visual Studio Version 17
VisualStudioVersion = 17.0.31903.59
MinimumVisualStudioVersion = 10.0.40219.1
Project("{2150E333-8FDC-42A3-9474-1A3956D46DE8}") = "src", "src", "{5E70F547-21A4-4A58-BB6E-1D4D5E81EA9D}"
EndProject
Project("{FAE04EC0-301F-11D3-BF4B-00C04F79EFBC}") = "payments-svc", "src\payments-svc\payments-svc.csproj", "{A71CC707-6530-4103-8F95-B4FE9D3E3614}"
EndProject
Global
	GlobalSection(SolutionConfigurationPlatforms) = preSolution
		Debug|Any CPU = Debug|Any CPU
		Release|Any CPU = Release|Any CPU
	EndGlobalSection
	GlobalSection(SolutionProperties) = preSolution
		HideSolutionNode = FALSE
	EndGlobalSection
	GlobalSection(ProjectConfigurationPlatforms) = postSolution
		{A71CC707-6530-4103-8F95-B4FE9D3E3614}.Debug|Any CPU.ActiveCfg = Debug|Any CPU
		{A71CC707-6530-4103-8F95-B4FE9D3E3614}.Debug|Any CPU.Build.0 = Debug|Any CPU
		{A71CC707-6530-4103-8F95-B4FE9D3E3614}.Release|Any CPU.ActiveCfg = Release|Any CPU
		{A71CC707-6530-4103-8F95-B4FE9D3E3614}.Release|Any CPU.Build.0 = Release|Any CPU
	EndGlobalSection
	GlobalSection(NestedProjects) = preSolution
		{A71CC707-6530-4103-8F95-B4FE9D3E3614} = {5E70F547-21A4-4A58-BB6E-1D4D5E81EA9D}
	EndGlobalSection
EndGlobal
